
Microsoft Visual Studio Solution File, Format Version 12.00
# Visual Studio Version 17
VisualStudioVersion = 17.6.33829.357
MinimumVisualStudioVersion = 10.0.40219.1
Project("{9A19103F-16F7-4668-BE54-9A1E7A4F7556}") = "HesapMakinesi", "KonsolUygulamaları\HesapMakinesi.csproj", "{7FF8E665-F8E3-489C-923B-4995F6FC51F9}"
EndProject
Project("{9A19103F-16F7-4668-BE54-9A1E7A4F7556}") = "TodoApp", "TodoApp\TodoApp.csproj", "{0CFE2665-D341-41BA-8314-1C0ECD29203E}"
EndProject
Project("{9A19103F-16F7-4668-BE54-9A1E7A4F7556}") = "CostumerApp", "CostumerApp\CostumerApp.csproj", "{0F58D9D5-F6D7-46E7-8F77-62EE29146806}"
EndProject
Project("{9A19103F-16F7-4668-BE54-9A1E7A4F7556}") = "BasicApps", "BasicApps\BasicApps.csproj", "{33C017E4-6830-4BB7-8374-1C758A56508D}"
EndProject
Project("{9A19103F-16F7-4668-BE54-9A1E7A4F7556}") = "OrderApp", "OrderApp\OrderApp.csproj", "{26F27B37-76DE-4A83-9665-9466F8D9E246}"
EndProject
Project("{9A19103F-16F7-4668-BE54-9A1E7A4F7556}") = "BasicApps1", "BasicApps1\BasicApps1.csproj", "{DB2383F1-FBDF-466E-8E6A-619FD0AC4A4B}"
EndProject
Project("{9A19103F-16F7-4668-BE54-9A1E7A4F7556}") = "FileMs", "FileMs\FileMs.csproj", "{41C01A95-9CCF-4D55-A252-FA779C91399A}"
EndProject
Project("{9A19103F-16F7-4668-BE54-9A1E7A4F7556}") = "BasicApps2", "BasicApps2\BasicApps2.csproj", "{53457264-1D8A-48B2-A9A1-F74222EBC5E2}"
EndProject
Project("{9A19103F-16F7-4668-BE54-9A1E7A4F7556}") = "DictionaryBasicApp", "DictionaryBasicApp\DictionaryBasicApp.csproj", "{0DD02F7A-CFEF-4738-BD62-43C05BF86A49}"
EndProject
Project("{9A19103F-16F7-4668-BE54-9A1E7A4F7556}") = "PhoneBook", "PhoneBook\PhoneBook.csproj", "{27F9E89F-E4D6-4F78-996C-169A41ED6C08}"
EndProject
Project("{9A19103F-16F7-4668-BE54-9A1E7A4F7556}") = "BasicCapps3", "BasicCapps3\BasicCapps3.csproj", "{508CB023-FD9D-4B3B-BB93-AA3A14685EFC}"
EndProject
Project("{9A19103F-16F7-4668-BE54-9A1E7A4F7556}") = "BasicCapps4", "BasicCapps4\BasicCapps4.csproj", "{26149C35-C48C-4A76-8C6C-E6CB693A07F7}"
EndProject
Project("{9A19103F-16F7-4668-BE54-9A1E7A4F7556}") = "BasicCapps5", "BasicCapps5\BasicCapps5.csproj", "{17C114E5-00C5-4A48-B9B3-9197906B6DD7}"
EndProject
Project("{FAE04EC0-301F-11D3-BF4B-00C04F79EFBC}") = "BasicCapps6", "BasicCapps6\BasicCapps6.csproj", "{B914851D-D2A7-4200-B877-7EC2F45EAEB7}"
EndProject
Project("{FAE04EC0-301F-11D3-BF4B-00C04F79EFBC}") = "BasicApps7", "BasicApps7\BasicApps7.csproj", "{587F7328-2B09-4AF3-B383-9D0065CB8B80}"
EndProject
Global
	GlobalSection(SolutionConfigurationPlatforms) = preSolution
		Debug|Any CPU = Debug|Any CPU
		Release|Any CPU = Release|Any CPU
	EndGlobalSection
	GlobalSection(ProjectConfigurationPlatforms) = postSolution
		{7FF8E665-F8E3-489C-923B-4995F6FC51F9}.Debug|Any CPU.ActiveCfg = Debug|Any CPU
		{7FF8E665-F8E3-489C-923B-4995F6FC51F9}.Debug|Any CPU.Build.0 = Debug|Any CPU
		{7FF8E665-F8E3-489C-923B-4995F6FC51F9}.Release|Any CPU.ActiveCfg = Release|Any CPU
		{7FF8E665-F8E3-489C-923B-4995F6FC51F9}.Release|Any CPU.Build.0 = Release|Any CPU
		{0CFE2665-D341-41BA-8314-1C0ECD29203E}.Debug|Any CPU.ActiveCfg = Debug|Any CPU
		{0CFE2665-D341-41BA-8314-1C0ECD29203E}.Debug|Any CPU.Build.0 = Debug|Any CPU
		{0CFE2665-D341-41BA-8314-1C0ECD29203E}.Release|Any CPU.ActiveCfg = Release|Any CPU
		{0CFE2665-D341-41BA-8314-1C0ECD29203E}.Release|Any CPU.Build.0 = Release|Any CPU
		{0F58D9D5-F6D7-46E7-8F77-62EE29146806}.Debug|Any CPU.ActiveCfg = Debug|Any CPU
		{0F58D9D5-F6D7-46E7-8F77-62EE29146806}.Debug|Any CPU.Build.0 = Debug|Any CPU
		{0F58D9D5-F6D7-46E7-8F77-62EE29146806}.Release|Any CPU.ActiveCfg = Release|Any CPU
		{0F58D9D5-F6D7-46E7-8F77-62EE29146806}.Release|Any CPU.Build.0 = Release|Any CPU
		{33C017E4-6830-4BB7-8374-1C758A56508D}.Debug|Any CPU.ActiveCfg = Debug|Any CPU
		{33C017E4-6830-4BB7-8374-1C758A56508D}.Debug|Any CPU.Build.0 = Debug|Any CPU
		{33C017E4-6830-4BB7-8374-1C758A56508D}.Release|Any CPU.ActiveCfg = Release|Any CPU
		{33C017E4-6830-4BB7-8374-1C758A56508D}.Release|Any CPU.Build.0 = Release|Any CPU
		{26F27B37-76DE-4A83-9665-9466F8D9E246}.Debug|Any CPU.ActiveCfg = Debug|Any CPU
		{26F27B37-76DE-4A83-9665-9466F8D9E246}.Debug|Any CPU.Build.0 = Debug|Any CPU
		{26F27B37-76DE-4A83-9665-9466F8D9E246}.Release|Any CPU.ActiveCfg = Release|Any CPU
		{26F27B37-76DE-4A83-9665-9466F8D9E246}.Release|Any CPU.Build.0 = Release|Any CPU
		{DB2383F1-FBDF-466E-8E6A-619FD0AC4A4B}.Debug|Any CPU.ActiveCfg = Debug|Any CPU
		{DB2383F1-FBDF-466E-8E6A-619FD0AC4A4B}.Debug|Any CPU.Build.0 = Debug|Any CPU
		{DB2383F1-FBDF-466E-8E6A-619FD0AC4A4B}.Release|Any CPU.ActiveCfg = Release|Any CPU
		{DB2383F1-FBDF-466E-8E6A-619FD0AC4A4B}.Release|Any CPU.Build.0 = Release|Any CPU
		{41C01A95-9CCF-4D55-A252-FA779C91399A}.Debug|Any CPU.ActiveCfg = Debug|Any CPU
		{41C01A95-9CCF-4D55-A252-FA779C91399A}.Debug|Any CPU.Build.0 = Debug|Any CPU
		{41C01A95-9CCF-4D55-A252-FA779C91399A}.Release|Any CPU.ActiveCfg = Release|Any CPU
		{41C01A95-9CCF-4D55-A252-FA779C91399A}.Release|Any CPU.Build.0 = Release|Any CPU
		{53457264-1D8A-48B2-A9A1-F74222EBC5E2}.Debug|Any CPU.ActiveCfg = Debug|Any CPU
		{53457264-1D8A-48B2-A9A1-F74222EBC5E2}.Debug|Any CPU.Build.0 = Debug|Any CPU
		{53457264-1D8A-48B2-A9A1-F74222EBC5E2}.Release|Any CPU.ActiveCfg = Release|Any CPU
		{53457264-1D8A-48B2-A9A1-F74222EBC5E2}.Release|Any CPU.Build.0 = Release|Any CPU
		{0DD02F7A-CFEF-4738-BD62-43C05BF86A49}.Debug|Any CPU.ActiveCfg = Debug|Any CPU
		{0DD02F7A-CFEF-4738-BD62-43C05BF86A49}.Debug|Any CPU.Build.0 = Debug|Any CPU
		{0DD02F7A-CFEF-4738-BD62-43C05BF86A49}.Release|Any CPU.ActiveCfg = Release|Any CPU
		{0DD02F7A-CFEF-4738-BD62-43C05BF86A49}.Release|Any CPU.Build.0 = Release|Any CPU
		{27F9E89F-E4D6-4F78-996C-169A41ED6C08}.Debug|Any CPU.ActiveCfg = Debug|Any CPU
		{27F9E89F-E4D6-4F78-996C-169A41ED6C08}.Debug|Any CPU.Build.0 = Debug|Any CPU
		{27F9E89F-E4D6-4F78-996C-169A41ED6C08}.Release|Any CPU.ActiveCfg = Release|Any CPU
		{27F9E89F-E4D6-4F78-996C-169A41ED6C08}.Release|Any CPU.Build.0 = Release|Any CPU
		{508CB023-FD9D-4B3B-BB93-AA3A14685EFC}.Debug|Any CPU.ActiveCfg = Debug|Any CPU
		{508CB023-FD9D-4B3B-BB93-AA3A14685EFC}.Debug|Any CPU.Build.0 = Debug|Any CPU
		{508CB023-FD9D-4B3B-BB93-AA3A14685EFC}.Release|Any CPU.ActiveCfg = Release|Any CPU
		{508CB023-FD9D-4B3B-BB93-AA3A14685EFC}.Release|Any CPU.Build.0 = Release|Any CPU
		{26149C35-C48C-4A76-8C6C-E6CB693A07F7}.Debug|Any CPU.ActiveCfg = Debug|Any CPU
		{26149C35-C48C-4A76-8C6C-E6CB693A07F7}.Debug|Any CPU.Build.0 = Debug|Any CPU
		{26149C35-C48C-4A76-8C6C-E6CB693A07F7}.Release|Any CPU.ActiveCfg = Release|Any CPU
		{26149C35-C48C-4A76-8C6C-E6CB693A07F7}.Release|Any CPU.Build.0 = Release|Any CPU
		{17C114E5-00C5-4A48-B9B3-9197906B6DD7}.Debug|Any CPU.ActiveCfg = Debug|Any CPU
		{17C114E5-00C5-4A48-B9B3-9197906B6DD7}.Debug|Any CPU.Build.0 = Debug|Any CPU
		{17C114E5-00C5-4A48-B9B3-9197906B6DD7}.Release|Any CPU.ActiveCfg = Release|Any CPU
		{17C114E5-00C5-4A48-B9B3-9197906B6DD7}.Release|Any CPU.Build.0 = Release|Any CPU
		{B914851D-D2A7-4200-B877-7EC2F45EAEB7}.Debug|Any CPU.ActiveCfg = Debug|Any CPU
		{B914851D-D2A7-4200-B877-7EC2F45EAEB7}.Debug|Any CPU.Build.0 = Debug|Any CPU
		{B914851D-D2A7-4200-B877-7EC2F45EAEB7}.Release|Any CPU.ActiveCfg = Release|Any CPU
		{B914851D-D2A7-4200-B877-7EC2F45EAEB7}.Release|Any CPU.Build.0 = Release|Any CPU
		{587F7328-2B09-4AF3-B383-9D0065CB8B80}.Debug|Any CPU.ActiveCfg = Debug|Any CPU
		{587F7328-2B09-4AF3-B383-9D0065CB8B80}.Debug|Any CPU.Build.0 = Debug|Any CPU
		{587F7328-2B09-4AF3-B383-9D0065CB8B80}.Release|Any CPU.ActiveCfg = Release|Any CPU
		{587F7328-2B09-4AF3-B383-9D0065CB8B80}.Release|Any CPU.Build.0 = Release|Any CPU
	EndGlobalSection
	GlobalSection(SolutionProperties) = preSolution
		HideSolutionNode = FALSE
	EndGlobalSection
	GlobalSection(ExtensibilityGlobals) = postSolution
		SolutionGuid = {52F24549-72C1-4704-97B3-0F6ACC683388}
	EndGlobalSection
EndGlobal
